
Microsoft Visual Studio Solution File, Format Version 12.00
# Visual Studio Version 17
VisualStudioVersion = 17.8.34408.163
MinimumVisualStudioVersion = 10.0.40219.1
Project("{9A19103F-16F7-4668-BE54-9A1E7A4F7556}") = "Blasphemous.Framework.Penitence", "Blasphemous.Framework.Penitence\Blasphemous.Framework.Penitence.csproj", "{71729393-23F4-4124-8A25-F516885DB4D4}"
EndProject
Global
	GlobalSection(SolutionConfigurationPlatforms) = preSolution
		Debug|Any CPU = Debug|Any CPU
		Release|Any CPU = Release|Any CPU
	EndGlobalSection
	GlobalSection(ProjectConfigurationPlatforms) = postSolution
		{71729393-23F4-4124-8A25-F516885DB4D4}.Debug|Any CPU.ActiveCfg = Debug|Any CPU
		{71729393-23F4-4124-8A25-F516885DB4D4}.Debug|Any CPU.Build.0 = Debug|Any CPU
		{71729393-23F4-4124-8A25-F516885DB4D4}.Release|Any CPU.ActiveCfg = Release|Any CPU
		{71729393-23F4-4124-8A25-F516885DB4D4}.Release|Any CPU.Build.0 = Release|Any CPU
	EndGlobalSection
	GlobalSection(SolutionProperties) = preSolution
		HideSolutionNode = FALSE
	EndGlobalSection
	GlobalSection(ExtensibilityGlobals) = postSolution
		SolutionGuid = {CFD5FEFC-1295-48CF-865B-B3323223FCB1}
	EndGlobalSection
EndGlobal
